
Microsoft Visual Studio Solution File, Format Version 12.00
# Visual Studio 2013
VisualStudioVersion = 12.0.31101.0
MinimumVisualStudioVersion = 10.0.40219.1
Project("{2150E333-8FDC-42A3-9474-1A3956D46DE8}") = ".nuget", ".nuget", "{76EB4D52-A38F-44B2-956A-CB49A6B4B435}"
	ProjectSection(SolutionItems) = preProject
		.nuget\NuGet.Config = .nuget\NuGet.Config
		.nuget\NuGet.exe = .nuget\NuGet.exe
		.nuget\NuGet.targets = .nuget\NuGet.targets
	EndProjectSection
EndProject
Project("{FAE04EC0-301F-11D3-BF4B-00C04F79EFBC}") = "WebApplications.Testing", "Testing\WebApplications.Testing.csproj", "{E41CD12C-805C-4493-A45A-9BC917D7B240}"
EndProject
Project("{2150E333-8FDC-42A3-9474-1A3956D46DE8}") = "Tests", "Tests", "{BA63C147-8B85-4C94-9EAD-AA11E6A0B996}"
EndProject
Project("{FAE04EC0-301F-11D3-BF4B-00C04F79EFBC}") = "WebApplications.Testing.Test", "Testing\WebApplications.Testing.Test\WebApplications.Testing.Test.csproj", "{CBE3CF94-6406-4EED-AADA-3E6B441B1DE3}"
EndProject
Project("{FAE04EC0-301F-11D3-BF4B-00C04F79EFBC}") = "WebApplications.Utilities", "Utilities\WebApplications.Utilities.csproj", "{2931C698-6123-49BC-81FD-F72A4C1415EA}"
	ProjectSection(ProjectDependencies) = postProject
		{CA6C3C0E-96DB-4B74-A8E4-33ABA73D0553} = {CA6C3C0E-96DB-4B74-A8E4-33ABA73D0553}
	EndProjectSection
EndProject
Project("{FAE04EC0-301F-11D3-BF4B-00C04F79EFBC}") = "WebApplications.Utilities.BuildTasks", "Utilities\WebApplications.Utilities.BuildTasks\WebApplications.Utilities.BuildTasks.csproj", "{CA6C3C0E-96DB-4B74-A8E4-33ABA73D0553}"
EndProject
Project("{FAE04EC0-301F-11D3-BF4B-00C04F79EFBC}") = "WebApplications.Utilities.Test", "Utilities\WebApplications.Utilities.Test\WebApplications.Utilities.Test.csproj", "{AAC22B8B-D633-4EE5-B1EA-915F0C9BCB46}"
EndProject
Project("{FAE04EC0-301F-11D3-BF4B-00C04F79EFBC}") = "WebApplications.Utilities.PowerShell", "PowerShell\WebApplications.Utilities.PowerShell.csproj", "{FDF4F262-B182-49DB-9A39-6D487EA058FD}"
EndProject
Project("{FAE04EC0-301F-11D3-BF4B-00C04F79EFBC}") = "WebApplications.Utilities.PowerShell.Test", "PowerShell\WebApplications.Utilities.PowerShell.Test\WebApplications.Utilities.PowerShell.Test.csproj", "{4C7FAC1D-4B3B-4191-9D52-BEA7E91AB39A}"
EndProject
Project("{FAE04EC0-301F-11D3-BF4B-00C04F79EFBC}") = "WebApplications.Utilities.Cryptography", "Cryptography\WebApplications.Utilities.Cryptography.csproj", "{3740397C-1956-4D6E-80F3-D67DFD4EE4EB}"
EndProject
Project("{FAE04EC0-301F-11D3-BF4B-00C04F79EFBC}") = "WebApplications.Utilities.Cryptography.Test", "Cryptography\WebApplications.Utilities.Cryptography.Test\WebApplications.Utilities.Cryptography.Test.csproj", "{0A67DBB5-780E-4BC6-841E-E1B50309895D}"
EndProject
Project("{FAE04EC0-301F-11D3-BF4B-00C04F79EFBC}") = "WebApplications.Utilities.Initializer", "Initializer\WebApplications.Utilities.Initializer.csproj", "{3626816D-EB33-4ED0-AF95-FD7CA6C6D99A}"
	ProjectSection(ProjectDependencies) = postProject
		{D45DFBAF-5019-4435-80FB-1FA2EC48F23A} = {D45DFBAF-5019-4435-80FB-1FA2EC48F23A}
	EndProjectSection
EndProject
Project("{FAE04EC0-301F-11D3-BF4B-00C04F79EFBC}") = "WebApplications.Utilities.Initializer.Test", "Initializer\WebApplications.Utilities.Initializer.Test\WebApplications.Utilities.Initializer.Test.csproj", "{1F4CFF76-3151-460B-B1A4-2E77EEF20029}"
EndProject
Project("{2150E333-8FDC-42A3-9474-1A3956D46DE8}") = "Targets", "Targets", "{E3E40955-4440-469B-9B46-0BFF5C54AC8B}"
	ProjectSection(SolutionItems) = preProject
		ILMerge\ILMerge.targets = ILMerge\ILMerge.targets
		Initializer\InjectModuleInitializer.targets = Initializer\InjectModuleInitializer.targets
		Performance\PerfSetup.targets = Performance\PerfSetup.targets
		Utilities\Utility.targets = Utilities\Utility.targets
	EndProjectSection
EndProject
Project("{FAE04EC0-301F-11D3-BF4B-00C04F79EFBC}") = "WebApplications.Utilities.Initializer.TestApp", "Initializer\WebApplications.Utilities.Initializer.TestApp\WebApplications.Utilities.Initializer.TestApp.csproj", "{B32CE846-8FAF-4B89-9A17-22B4427133C9}"
	ProjectSection(ProjectDependencies) = postProject
		{3626816D-EB33-4ED0-AF95-FD7CA6C6D99A} = {3626816D-EB33-4ED0-AF95-FD7CA6C6D99A}
	EndProjectSection
EndProject
Project("{FAE04EC0-301F-11D3-BF4B-00C04F79EFBC}") = "WebApplications.Utilities.Performance", "Performance\WebApplications.Utilities.Performance.csproj", "{04220E31-53F6-453F-80C5-0E2D49776D36}"
	ProjectSection(ProjectDependencies) = postProject
		{6F2B5D7A-E8B7-4820-9C39-30F722B0DB01} = {6F2B5D7A-E8B7-4820-9C39-30F722B0DB01}
	EndProjectSection
EndProject
Project("{FAE04EC0-301F-11D3-BF4B-00C04F79EFBC}") = "WebApplications.Utilities.Performance.Test", "Performance\WebApplications.Utilities.Performance.Test\WebApplications.Utilities.Performance.Test.csproj", "{2A45DCFA-A60C-4AE6-80E8-18D62D04E438}"
EndProject
Project("{FAE04EC0-301F-11D3-BF4B-00C04F79EFBC}") = "WebApplications.Utilities.Performance.Tools.PerfSetup", "Performance\WebApplications.Utilities.Performance.Tools.PerfSetup\WebApplications.Utilities.Performance.Tools.PerfSetup.csproj", "{6F2B5D7A-E8B7-4820-9C39-30F722B0DB01}"
	ProjectSection(ProjectDependencies) = postProject
		{D45DFBAF-5019-4435-80FB-1FA2EC48F23A} = {D45DFBAF-5019-4435-80FB-1FA2EC48F23A}
	EndProjectSection
EndProject
Project("{FAE04EC0-301F-11D3-BF4B-00C04F79EFBC}") = "ILMerge.Build.Task", "ILMerge\ILMerge.Build.Task.csproj", "{D45DFBAF-5019-4435-80FB-1FA2EC48F23A}"
EndProject
Project("{FAE04EC0-301F-11D3-BF4B-00C04F79EFBC}") = "WebApplications.Utilities.Serialization", "Serialization\WebApplications.Utilities.Serialization.csproj", "{686798D4-CC9C-460F-937F-28933CC53E09}"
EndProject
Project("{FAE04EC0-301F-11D3-BF4B-00C04F79EFBC}") = "WebApplications.Utilities.Serialization.Test", "Serialization\Utilities.Serialization.Test\WebApplications.Utilities.Serialization.Test.csproj", "{D118B240-3DCE-46E3-A721-751B60E003B1}"
EndProject
Project("{FAE04EC0-301F-11D3-BF4B-00C04F79EFBC}") = "WebApplications.Utilities.Logging", "Logging\WebApplications.Utilities.Logging.csproj", "{0EBA7604-0BDB-438E-967F-7DFE93E6ABD5}"
	ProjectSection(ProjectDependencies) = postProject
		{3626816D-EB33-4ED0-AF95-FD7CA6C6D99A} = {3626816D-EB33-4ED0-AF95-FD7CA6C6D99A}
	EndProjectSection
EndProject
Project("{FAE04EC0-301F-11D3-BF4B-00C04F79EFBC}") = "WebApplications.Utilities.Logging.Test", "Logging\WebApplications.Utilities.Logging.Test\WebApplications.Utilities.Logging.Test.csproj", "{4B05B106-0F92-46D0-B129-107D0D05F48A}"
EndProject
Project("{FAE04EC0-301F-11D3-BF4B-00C04F79EFBC}") = "WebApplications.Utilities.Logging.TestConsole", "Logging\WebApplications.Utilities.Logging.TestConsole\WebApplications.Utilities.Logging.TestConsole.csproj", "{CA520F77-36EC-4849-8F04-FB6E24DA6D76}"
EndProject
Project("{FAE04EC0-301F-11D3-BF4B-00C04F79EFBC}") = "WebApplications.Utilities.Scheduling", "Scheduling\WebApplications.Utilities.Scheduling.csproj", "{A98D210C-0884-4985-BC71-705B44F61CA9}"
EndProject
Project("{FAE04EC0-301F-11D3-BF4B-00C04F79EFBC}") = "WebApplications.Utilities.Scheduling.Test", "Scheduling\WebApplications.Utilities.Scheduling.Test\WebApplications.Utilities.Scheduling.Test.csproj", "{A14C9BAC-2E4A-4163-ACF4-0844BD4C3CC7}"
EndProject
Project("{FAE04EC0-301F-11D3-BF4B-00C04F79EFBC}") = "WebApplications.Utilities.Database", "Database\WebApplications.Utilities.Database.csproj", "{371CE56A-0251-41DA-8EF5-72A69E290CB9}"
EndProject
Project("{FAE04EC0-301F-11D3-BF4B-00C04F79EFBC}") = "WebApplications.Utilities.Database.Test", "Database\WebApplications.Utilities.Database.Test\WebApplications.Utilities.Database.Test.csproj", "{8C6554DF-D0FE-48B5-B487-19882850AC69}"
EndProject
Project("{FAE04EC0-301F-11D3-BF4B-00C04F79EFBC}") = "WebApplications.Utilities.Service", "Service\WebApplications.Utilities.Service.csproj", "{B580A145-6DE0-45D4-B4B6-924A52BF10B7}"
EndProject
Project("{FAE04EC0-301F-11D3-BF4B-00C04F79EFBC}") = "WebApplications.Utilities.Service.Common", "Service\WebApplications.Utilities.Service.Common\WebApplications.Utilities.Service.Common.csproj", "{B365AD50-598A-4D1B-8656-1F0F8ADCDBC8}"
EndProject
Project("{FAE04EC0-301F-11D3-BF4B-00C04F79EFBC}") = "WebApplications.Utilities.Service.Client", "Service\WebApplications.Utilities.Service.Client\WebApplications.Utilities.Service.Client.csproj", "{839D6111-FFE7-4498-928C-75054DE61CE9}"
EndProject
Project("{2150E333-8FDC-42A3-9474-1A3956D46DE8}") = "Tools", "Tools", "{61760DCB-AC78-49B3-9BFB-83A1CD92F870}"
EndProject
Project("{FAE04EC0-301F-11D3-BF4B-00C04F79EFBC}") = "ServiceClient", "Service\ServiceClient\ServiceClient.csproj", "{12FE7E65-E744-4F7F-A7EB-608249C75235}"
EndProject
Project("{FAE04EC0-301F-11D3-BF4B-00C04F79EFBC}") = "WebApplications.Utilities.Service.Test", "Service\WebApplications.Utilities.Service.Test\WebApplications.Utilities.Service.Test.csproj", "{8BAD8DB0-4CF3-4E6F-A3AF-E79BE299667C}"
EndProject
Global
	GlobalSection(SolutionConfigurationPlatforms) = preSolution
		Debug|Any CPU = Debug|Any CPU
		Debug|Mixed Platforms = Debug|Mixed Platforms
		Debug|x64 = Debug|x64
		Debug|x86 = Debug|x86
		Release|Any CPU = Release|Any CPU
		Release|Mixed Platforms = Release|Mixed Platforms
		Release|x64 = Release|x64
		Release|x86 = Release|x86
	EndGlobalSection
	GlobalSection(ProjectConfigurationPlatforms) = postSolution
		{E41CD12C-805C-4493-A45A-9BC917D7B240}.Debug|Any CPU.ActiveCfg = Release|Any CPU
		{E41CD12C-805C-4493-A45A-9BC917D7B240}.Debug|Any CPU.Build.0 = Release|Any CPU
		{E41CD12C-805C-4493-A45A-9BC917D7B240}.Debug|Mixed Platforms.ActiveCfg = Release|Any CPU
		{E41CD12C-805C-4493-A45A-9BC917D7B240}.Debug|Mixed Platforms.Build.0 = Release|Any CPU
		{E41CD12C-805C-4493-A45A-9BC917D7B240}.Debug|x64.ActiveCfg = Release|Any CPU
		{E41CD12C-805C-4493-A45A-9BC917D7B240}.Debug|x86.ActiveCfg = Release|Any CPU
		{E41CD12C-805C-4493-A45A-9BC917D7B240}.Release|Any CPU.ActiveCfg = Release|Any CPU
		{E41CD12C-805C-4493-A45A-9BC917D7B240}.Release|Any CPU.Build.0 = Release|Any CPU
		{E41CD12C-805C-4493-A45A-9BC917D7B240}.Release|Mixed Platforms.ActiveCfg = Release|Any CPU
		{E41CD12C-805C-4493-A45A-9BC917D7B240}.Release|Mixed Platforms.Build.0 = Release|Any CPU
		{E41CD12C-805C-4493-A45A-9BC917D7B240}.Release|x64.ActiveCfg = Release|Any CPU
		{E41CD12C-805C-4493-A45A-9BC917D7B240}.Release|x86.ActiveCfg = Release|Any CPU
		{CBE3CF94-6406-4EED-AADA-3E6B441B1DE3}.Debug|Any CPU.ActiveCfg = Release|Any CPU
		{CBE3CF94-6406-4EED-AADA-3E6B441B1DE3}.Debug|Any CPU.Build.0 = Release|Any CPU
		{CBE3CF94-6406-4EED-AADA-3E6B441B1DE3}.Debug|Mixed Platforms.ActiveCfg = Release|Any CPU
		{CBE3CF94-6406-4EED-AADA-3E6B441B1DE3}.Debug|Mixed Platforms.Build.0 = Release|Any CPU
		{CBE3CF94-6406-4EED-AADA-3E6B441B1DE3}.Debug|x64.ActiveCfg = Release|Any CPU
		{CBE3CF94-6406-4EED-AADA-3E6B441B1DE3}.Debug|x86.ActiveCfg = Release|Any CPU
		{CBE3CF94-6406-4EED-AADA-3E6B441B1DE3}.Release|Any CPU.ActiveCfg = Release|Any CPU
		{CBE3CF94-6406-4EED-AADA-3E6B441B1DE3}.Release|Any CPU.Build.0 = Release|Any CPU
		{CBE3CF94-6406-4EED-AADA-3E6B441B1DE3}.Release|Mixed Platforms.ActiveCfg = Release|Any CPU
		{CBE3CF94-6406-4EED-AADA-3E6B441B1DE3}.Release|Mixed Platforms.Build.0 = Release|Any CPU
		{CBE3CF94-6406-4EED-AADA-3E6B441B1DE3}.Release|x64.ActiveCfg = Release|Any CPU
		{CBE3CF94-6406-4EED-AADA-3E6B441B1DE3}.Release|x86.ActiveCfg = Release|Any CPU
		{2931C698-6123-49BC-81FD-F72A4C1415EA}.Debug|Any CPU.ActiveCfg = Debug|Any CPU
		{2931C698-6123-49BC-81FD-F72A4C1415EA}.Debug|Any CPU.Build.0 = Debug|Any CPU
		{2931C698-6123-49BC-81FD-F72A4C1415EA}.Debug|Mixed Platforms.ActiveCfg = Debug|Any CPU
		{2931C698-6123-49BC-81FD-F72A4C1415EA}.Debug|Mixed Platforms.Build.0 = Debug|Any CPU
		{2931C698-6123-49BC-81FD-F72A4C1415EA}.Debug|x64.ActiveCfg = Debug|Any CPU
		{2931C698-6123-49BC-81FD-F72A4C1415EA}.Debug|x86.ActiveCfg = Debug|Any CPU
		{2931C698-6123-49BC-81FD-F72A4C1415EA}.Release|Any CPU.ActiveCfg = Release|Any CPU
		{2931C698-6123-49BC-81FD-F72A4C1415EA}.Release|Any CPU.Build.0 = Release|Any CPU
		{2931C698-6123-49BC-81FD-F72A4C1415EA}.Release|Mixed Platforms.ActiveCfg = Release|Any CPU
		{2931C698-6123-49BC-81FD-F72A4C1415EA}.Release|Mixed Platforms.Build.0 = Release|Any CPU
		{2931C698-6123-49BC-81FD-F72A4C1415EA}.Release|x64.ActiveCfg = Release|Any CPU
		{2931C698-6123-49BC-81FD-F72A4C1415EA}.Release|x86.ActiveCfg = Release|Any CPU
		{CA6C3C0E-96DB-4B74-A8E4-33ABA73D0553}.Debug|Any CPU.ActiveCfg = Release|Any CPU
		{CA6C3C0E-96DB-4B74-A8E4-33ABA73D0553}.Debug|Any CPU.Build.0 = Release|Any CPU
		{CA6C3C0E-96DB-4B74-A8E4-33ABA73D0553}.Debug|Mixed Platforms.ActiveCfg = Release|Any CPU
		{CA6C3C0E-96DB-4B74-A8E4-33ABA73D0553}.Debug|Mixed Platforms.Build.0 = Release|Any CPU
		{CA6C3C0E-96DB-4B74-A8E4-33ABA73D0553}.Debug|x64.ActiveCfg = Release|Any CPU
		{CA6C3C0E-96DB-4B74-A8E4-33ABA73D0553}.Debug|x86.ActiveCfg = Release|Any CPU
		{CA6C3C0E-96DB-4B74-A8E4-33ABA73D0553}.Release|Any CPU.ActiveCfg = Release|Any CPU
		{CA6C3C0E-96DB-4B74-A8E4-33ABA73D0553}.Release|Any CPU.Build.0 = Release|Any CPU
		{CA6C3C0E-96DB-4B74-A8E4-33ABA73D0553}.Release|Mixed Platforms.ActiveCfg = Release|Any CPU
		{CA6C3C0E-96DB-4B74-A8E4-33ABA73D0553}.Release|Mixed Platforms.Build.0 = Release|Any CPU
		{CA6C3C0E-96DB-4B74-A8E4-33ABA73D0553}.Release|x64.ActiveCfg = Release|Any CPU
		{CA6C3C0E-96DB-4B74-A8E4-33ABA73D0553}.Release|x86.ActiveCfg = Release|Any CPU
		{AAC22B8B-D633-4EE5-B1EA-915F0C9BCB46}.Debug|Any CPU.ActiveCfg = Debug|Any CPU
		{AAC22B8B-D633-4EE5-B1EA-915F0C9BCB46}.Debug|Any CPU.Build.0 = Debug|Any CPU
		{AAC22B8B-D633-4EE5-B1EA-915F0C9BCB46}.Debug|Mixed Platforms.ActiveCfg = Debug|Any CPU
		{AAC22B8B-D633-4EE5-B1EA-915F0C9BCB46}.Debug|Mixed Platforms.Build.0 = Debug|Any CPU
		{AAC22B8B-D633-4EE5-B1EA-915F0C9BCB46}.Debug|x64.ActiveCfg = Debug|Any CPU
		{AAC22B8B-D633-4EE5-B1EA-915F0C9BCB46}.Debug|x86.ActiveCfg = Debug|Any CPU
		{AAC22B8B-D633-4EE5-B1EA-915F0C9BCB46}.Release|Any CPU.ActiveCfg = Release|Any CPU
		{AAC22B8B-D633-4EE5-B1EA-915F0C9BCB46}.Release|Any CPU.Build.0 = Release|Any CPU
		{AAC22B8B-D633-4EE5-B1EA-915F0C9BCB46}.Release|Mixed Platforms.ActiveCfg = Release|Any CPU
		{AAC22B8B-D633-4EE5-B1EA-915F0C9BCB46}.Release|Mixed Platforms.Build.0 = Release|Any CPU
		{AAC22B8B-D633-4EE5-B1EA-915F0C9BCB46}.Release|x64.ActiveCfg = Release|Any CPU
		{AAC22B8B-D633-4EE5-B1EA-915F0C9BCB46}.Release|x86.ActiveCfg = Release|Any CPU
		{FDF4F262-B182-49DB-9A39-6D487EA058FD}.Debug|Any CPU.ActiveCfg = Debug|Any CPU
		{FDF4F262-B182-49DB-9A39-6D487EA058FD}.Debug|Any CPU.Build.0 = Debug|Any CPU
		{FDF4F262-B182-49DB-9A39-6D487EA058FD}.Debug|Mixed Platforms.ActiveCfg = Debug|Any CPU
		{FDF4F262-B182-49DB-9A39-6D487EA058FD}.Debug|Mixed Platforms.Build.0 = Debug|Any CPU
		{FDF4F262-B182-49DB-9A39-6D487EA058FD}.Debug|x64.ActiveCfg = Debug|Any CPU
		{FDF4F262-B182-49DB-9A39-6D487EA058FD}.Debug|x86.ActiveCfg = Debug|Any CPU
		{FDF4F262-B182-49DB-9A39-6D487EA058FD}.Release|Any CPU.ActiveCfg = Release|Any CPU
		{FDF4F262-B182-49DB-9A39-6D487EA058FD}.Release|Any CPU.Build.0 = Release|Any CPU
		{FDF4F262-B182-49DB-9A39-6D487EA058FD}.Release|Mixed Platforms.ActiveCfg = Release|Any CPU
		{FDF4F262-B182-49DB-9A39-6D487EA058FD}.Release|Mixed Platforms.Build.0 = Release|Any CPU
		{FDF4F262-B182-49DB-9A39-6D487EA058FD}.Release|x64.ActiveCfg = Release|Any CPU
		{FDF4F262-B182-49DB-9A39-6D487EA058FD}.Release|x86.ActiveCfg = Release|Any CPU
		{4C7FAC1D-4B3B-4191-9D52-BEA7E91AB39A}.Debug|Any CPU.ActiveCfg = Debug|Any CPU
		{4C7FAC1D-4B3B-4191-9D52-BEA7E91AB39A}.Debug|Any CPU.Build.0 = Debug|Any CPU
		{4C7FAC1D-4B3B-4191-9D52-BEA7E91AB39A}.Debug|Mixed Platforms.ActiveCfg = Debug|Any CPU
		{4C7FAC1D-4B3B-4191-9D52-BEA7E91AB39A}.Debug|Mixed Platforms.Build.0 = Debug|Any CPU
		{4C7FAC1D-4B3B-4191-9D52-BEA7E91AB39A}.Debug|x64.ActiveCfg = Debug|Any CPU
		{4C7FAC1D-4B3B-4191-9D52-BEA7E91AB39A}.Debug|x86.ActiveCfg = Debug|Any CPU
		{4C7FAC1D-4B3B-4191-9D52-BEA7E91AB39A}.Release|Any CPU.ActiveCfg = Release|Any CPU
		{4C7FAC1D-4B3B-4191-9D52-BEA7E91AB39A}.Release|Any CPU.Build.0 = Release|Any CPU
		{4C7FAC1D-4B3B-4191-9D52-BEA7E91AB39A}.Release|Mixed Platforms.ActiveCfg = Release|Any CPU
		{4C7FAC1D-4B3B-4191-9D52-BEA7E91AB39A}.Release|Mixed Platforms.Build.0 = Release|Any CPU
		{4C7FAC1D-4B3B-4191-9D52-BEA7E91AB39A}.Release|x64.ActiveCfg = Release|Any CPU
		{4C7FAC1D-4B3B-4191-9D52-BEA7E91AB39A}.Release|x86.ActiveCfg = Release|Any CPU
		{3740397C-1956-4D6E-80F3-D67DFD4EE4EB}.Debug|Any CPU.ActiveCfg = Debug|Any CPU
		{3740397C-1956-4D6E-80F3-D67DFD4EE4EB}.Debug|Any CPU.Build.0 = Debug|Any CPU
		{3740397C-1956-4D6E-80F3-D67DFD4EE4EB}.Debug|Mixed Platforms.ActiveCfg = Debug|Any CPU
		{3740397C-1956-4D6E-80F3-D67DFD4EE4EB}.Debug|Mixed Platforms.Build.0 = Debug|Any CPU
		{3740397C-1956-4D6E-80F3-D67DFD4EE4EB}.Debug|x64.ActiveCfg = Debug|Any CPU
		{3740397C-1956-4D6E-80F3-D67DFD4EE4EB}.Debug|x86.ActiveCfg = Debug|Any CPU
		{3740397C-1956-4D6E-80F3-D67DFD4EE4EB}.Release|Any CPU.ActiveCfg = Release|Any CPU
		{3740397C-1956-4D6E-80F3-D67DFD4EE4EB}.Release|Any CPU.Build.0 = Release|Any CPU
		{3740397C-1956-4D6E-80F3-D67DFD4EE4EB}.Release|Mixed Platforms.ActiveCfg = Release|Any CPU
		{3740397C-1956-4D6E-80F3-D67DFD4EE4EB}.Release|Mixed Platforms.Build.0 = Release|Any CPU
		{3740397C-1956-4D6E-80F3-D67DFD4EE4EB}.Release|x64.ActiveCfg = Release|Any CPU
		{3740397C-1956-4D6E-80F3-D67DFD4EE4EB}.Release|x86.ActiveCfg = Release|Any CPU
		{0A67DBB5-780E-4BC6-841E-E1B50309895D}.Debug|Any CPU.ActiveCfg = Debug|Any CPU
		{0A67DBB5-780E-4BC6-841E-E1B50309895D}.Debug|Any CPU.Build.0 = Debug|Any CPU
		{0A67DBB5-780E-4BC6-841E-E1B50309895D}.Debug|Mixed Platforms.ActiveCfg = Debug|Any CPU
		{0A67DBB5-780E-4BC6-841E-E1B50309895D}.Debug|Mixed Platforms.Build.0 = Debug|Any CPU
		{0A67DBB5-780E-4BC6-841E-E1B50309895D}.Debug|x64.ActiveCfg = Debug|Any CPU
		{0A67DBB5-780E-4BC6-841E-E1B50309895D}.Debug|x86.ActiveCfg = Debug|Any CPU
		{0A67DBB5-780E-4BC6-841E-E1B50309895D}.Release|Any CPU.ActiveCfg = Release|Any CPU
		{0A67DBB5-780E-4BC6-841E-E1B50309895D}.Release|Any CPU.Build.0 = Release|Any CPU
		{0A67DBB5-780E-4BC6-841E-E1B50309895D}.Release|Mixed Platforms.ActiveCfg = Release|Any CPU
		{0A67DBB5-780E-4BC6-841E-E1B50309895D}.Release|Mixed Platforms.Build.0 = Release|Any CPU
		{0A67DBB5-780E-4BC6-841E-E1B50309895D}.Release|x64.ActiveCfg = Release|Any CPU
		{0A67DBB5-780E-4BC6-841E-E1B50309895D}.Release|x86.ActiveCfg = Release|Any CPU
		{3626816D-EB33-4ED0-AF95-FD7CA6C6D99A}.Debug|Any CPU.ActiveCfg = Debug|Any CPU
		{3626816D-EB33-4ED0-AF95-FD7CA6C6D99A}.Debug|Any CPU.Build.0 = Debug|Any CPU
		{3626816D-EB33-4ED0-AF95-FD7CA6C6D99A}.Debug|Mixed Platforms.ActiveCfg = Debug|Any CPU
		{3626816D-EB33-4ED0-AF95-FD7CA6C6D99A}.Debug|Mixed Platforms.Build.0 = Debug|Any CPU
		{3626816D-EB33-4ED0-AF95-FD7CA6C6D99A}.Debug|x64.ActiveCfg = Debug|Any CPU
		{3626816D-EB33-4ED0-AF95-FD7CA6C6D99A}.Debug|x86.ActiveCfg = Debug|Any CPU
		{3626816D-EB33-4ED0-AF95-FD7CA6C6D99A}.Release|Any CPU.ActiveCfg = Release|Any CPU
		{3626816D-EB33-4ED0-AF95-FD7CA6C6D99A}.Release|Any CPU.Build.0 = Release|Any CPU
		{3626816D-EB33-4ED0-AF95-FD7CA6C6D99A}.Release|Mixed Platforms.ActiveCfg = Release|Any CPU
		{3626816D-EB33-4ED0-AF95-FD7CA6C6D99A}.Release|Mixed Platforms.Build.0 = Release|Any CPU
		{3626816D-EB33-4ED0-AF95-FD7CA6C6D99A}.Release|x64.ActiveCfg = Release|Any CPU
		{3626816D-EB33-4ED0-AF95-FD7CA6C6D99A}.Release|x86.ActiveCfg = Release|Any CPU
		{1F4CFF76-3151-460B-B1A4-2E77EEF20029}.Debug|Any CPU.ActiveCfg = Debug|Any CPU
		{1F4CFF76-3151-460B-B1A4-2E77EEF20029}.Debug|Any CPU.Build.0 = Debug|Any CPU
		{1F4CFF76-3151-460B-B1A4-2E77EEF20029}.Debug|Mixed Platforms.ActiveCfg = Debug|Any CPU
		{1F4CFF76-3151-460B-B1A4-2E77EEF20029}.Debug|Mixed Platforms.Build.0 = Debug|Any CPU
		{1F4CFF76-3151-460B-B1A4-2E77EEF20029}.Debug|x64.ActiveCfg = Debug|Any CPU
		{1F4CFF76-3151-460B-B1A4-2E77EEF20029}.Debug|x86.ActiveCfg = Debug|Any CPU
		{1F4CFF76-3151-460B-B1A4-2E77EEF20029}.Release|Any CPU.ActiveCfg = Release|Any CPU
		{1F4CFF76-3151-460B-B1A4-2E77EEF20029}.Release|Any CPU.Build.0 = Release|Any CPU
		{1F4CFF76-3151-460B-B1A4-2E77EEF20029}.Release|Mixed Platforms.ActiveCfg = Release|Any CPU
		{1F4CFF76-3151-460B-B1A4-2E77EEF20029}.Release|Mixed Platforms.Build.0 = Release|Any CPU
		{1F4CFF76-3151-460B-B1A4-2E77EEF20029}.Release|x64.ActiveCfg = Release|Any CPU
		{1F4CFF76-3151-460B-B1A4-2E77EEF20029}.Release|x86.ActiveCfg = Release|Any CPU
		{B32CE846-8FAF-4B89-9A17-22B4427133C9}.Debug|Any CPU.ActiveCfg = Debug|x86
		{B32CE846-8FAF-4B89-9A17-22B4427133C9}.Debug|Mixed Platforms.ActiveCfg = Debug|x86
		{B32CE846-8FAF-4B89-9A17-22B4427133C9}.Debug|Mixed Platforms.Build.0 = Debug|x86
		{B32CE846-8FAF-4B89-9A17-22B4427133C9}.Debug|x64.ActiveCfg = Debug|x86
		{B32CE846-8FAF-4B89-9A17-22B4427133C9}.Debug|x86.ActiveCfg = Debug|x86
		{B32CE846-8FAF-4B89-9A17-22B4427133C9}.Debug|x86.Build.0 = Debug|x86
		{B32CE846-8FAF-4B89-9A17-22B4427133C9}.Release|Any CPU.ActiveCfg = Release|x86
		{B32CE846-8FAF-4B89-9A17-22B4427133C9}.Release|Mixed Platforms.ActiveCfg = Release|x86
		{B32CE846-8FAF-4B89-9A17-22B4427133C9}.Release|Mixed Platforms.Build.0 = Release|x86
		{B32CE846-8FAF-4B89-9A17-22B4427133C9}.Release|x64.ActiveCfg = Release|x86
		{B32CE846-8FAF-4B89-9A17-22B4427133C9}.Release|x86.ActiveCfg = Release|x86
		{B32CE846-8FAF-4B89-9A17-22B4427133C9}.Release|x86.Build.0 = Release|x86
		{04220E31-53F6-453F-80C5-0E2D49776D36}.Debug|Any CPU.ActiveCfg = Debug|Any CPU
		{04220E31-53F6-453F-80C5-0E2D49776D36}.Debug|Any CPU.Build.0 = Debug|Any CPU
		{04220E31-53F6-453F-80C5-0E2D49776D36}.Debug|Mixed Platforms.ActiveCfg = Debug|Any CPU
		{04220E31-53F6-453F-80C5-0E2D49776D36}.Debug|Mixed Platforms.Build.0 = Debug|Any CPU
		{04220E31-53F6-453F-80C5-0E2D49776D36}.Debug|x64.ActiveCfg = Debug|Any CPU
		{04220E31-53F6-453F-80C5-0E2D49776D36}.Debug|x86.ActiveCfg = Debug|Any CPU
		{04220E31-53F6-453F-80C5-0E2D49776D36}.Release|Any CPU.ActiveCfg = Release|Any CPU
		{04220E31-53F6-453F-80C5-0E2D49776D36}.Release|Any CPU.Build.0 = Release|Any CPU
		{04220E31-53F6-453F-80C5-0E2D49776D36}.Release|Mixed Platforms.ActiveCfg = Release|Any CPU
		{04220E31-53F6-453F-80C5-0E2D49776D36}.Release|Mixed Platforms.Build.0 = Release|Any CPU
		{04220E31-53F6-453F-80C5-0E2D49776D36}.Release|x64.ActiveCfg = Release|Any CPU
		{04220E31-53F6-453F-80C5-0E2D49776D36}.Release|x86.ActiveCfg = Release|Any CPU
		{2A45DCFA-A60C-4AE6-80E8-18D62D04E438}.Debug|Any CPU.ActiveCfg = Debug|Any CPU
		{2A45DCFA-A60C-4AE6-80E8-18D62D04E438}.Debug|Any CPU.Build.0 = Debug|Any CPU
		{2A45DCFA-A60C-4AE6-80E8-18D62D04E438}.Debug|Mixed Platforms.ActiveCfg = Debug|Any CPU
		{2A45DCFA-A60C-4AE6-80E8-18D62D04E438}.Debug|Mixed Platforms.Build.0 = Debug|Any CPU
		{2A45DCFA-A60C-4AE6-80E8-18D62D04E438}.Debug|x64.ActiveCfg = Debug|Any CPU
		{2A45DCFA-A60C-4AE6-80E8-18D62D04E438}.Debug|x86.ActiveCfg = Debug|Any CPU
		{2A45DCFA-A60C-4AE6-80E8-18D62D04E438}.Release|Any CPU.ActiveCfg = Release|Any CPU
		{2A45DCFA-A60C-4AE6-80E8-18D62D04E438}.Release|Any CPU.Build.0 = Release|Any CPU
		{2A45DCFA-A60C-4AE6-80E8-18D62D04E438}.Release|Mixed Platforms.ActiveCfg = Release|Any CPU
		{2A45DCFA-A60C-4AE6-80E8-18D62D04E438}.Release|Mixed Platforms.Build.0 = Release|Any CPU
		{2A45DCFA-A60C-4AE6-80E8-18D62D04E438}.Release|x64.ActiveCfg = Release|Any CPU
		{2A45DCFA-A60C-4AE6-80E8-18D62D04E438}.Release|x86.ActiveCfg = Release|Any CPU
		{6F2B5D7A-E8B7-4820-9C39-30F722B0DB01}.Debug|Any CPU.ActiveCfg = Debug|x86
		{6F2B5D7A-E8B7-4820-9C39-30F722B0DB01}.Debug|Mixed Platforms.ActiveCfg = Debug|x86
		{6F2B5D7A-E8B7-4820-9C39-30F722B0DB01}.Debug|Mixed Platforms.Build.0 = Debug|x86
		{6F2B5D7A-E8B7-4820-9C39-30F722B0DB01}.Debug|x64.ActiveCfg = Debug|x64
		{6F2B5D7A-E8B7-4820-9C39-30F722B0DB01}.Debug|x64.Build.0 = Debug|x64
		{6F2B5D7A-E8B7-4820-9C39-30F722B0DB01}.Debug|x86.ActiveCfg = Debug|x86
		{6F2B5D7A-E8B7-4820-9C39-30F722B0DB01}.Debug|x86.Build.0 = Debug|x86
		{6F2B5D7A-E8B7-4820-9C39-30F722B0DB01}.Release|Any CPU.ActiveCfg = Release|x86
		{6F2B5D7A-E8B7-4820-9C39-30F722B0DB01}.Release|Mixed Platforms.ActiveCfg = Release|x86
		{6F2B5D7A-E8B7-4820-9C39-30F722B0DB01}.Release|Mixed Platforms.Build.0 = Release|x86
		{6F2B5D7A-E8B7-4820-9C39-30F722B0DB01}.Release|x64.ActiveCfg = Release|x64
		{6F2B5D7A-E8B7-4820-9C39-30F722B0DB01}.Release|x64.Build.0 = Release|x64
		{6F2B5D7A-E8B7-4820-9C39-30F722B0DB01}.Release|x86.ActiveCfg = Release|x86
		{6F2B5D7A-E8B7-4820-9C39-30F722B0DB01}.Release|x86.Build.0 = Release|x86
		{D45DFBAF-5019-4435-80FB-1FA2EC48F23A}.Debug|Any CPU.ActiveCfg = Release|Any CPU
		{D45DFBAF-5019-4435-80FB-1FA2EC48F23A}.Debug|Any CPU.Build.0 = Release|Any CPU
		{D45DFBAF-5019-4435-80FB-1FA2EC48F23A}.Debug|Mixed Platforms.ActiveCfg = Release|Any CPU
		{D45DFBAF-5019-4435-80FB-1FA2EC48F23A}.Debug|Mixed Platforms.Build.0 = Release|Any CPU
		{D45DFBAF-5019-4435-80FB-1FA2EC48F23A}.Debug|x64.ActiveCfg = Release|Any CPU
		{D45DFBAF-5019-4435-80FB-1FA2EC48F23A}.Debug|x86.ActiveCfg = Release|Any CPU
		{D45DFBAF-5019-4435-80FB-1FA2EC48F23A}.Release|Any CPU.ActiveCfg = Release|Any CPU
		{D45DFBAF-5019-4435-80FB-1FA2EC48F23A}.Release|Any CPU.Build.0 = Release|Any CPU
		{D45DFBAF-5019-4435-80FB-1FA2EC48F23A}.Release|Mixed Platforms.ActiveCfg = Release|Any CPU
		{D45DFBAF-5019-4435-80FB-1FA2EC48F23A}.Release|Mixed Platforms.Build.0 = Release|Any CPU
		{D45DFBAF-5019-4435-80FB-1FA2EC48F23A}.Release|x64.ActiveCfg = Release|Any CPU
		{D45DFBAF-5019-4435-80FB-1FA2EC48F23A}.Release|x86.ActiveCfg = Release|Any CPU
		{686798D4-CC9C-460F-937F-28933CC53E09}.Debug|Any CPU.ActiveCfg = Debug|Any CPU
		{686798D4-CC9C-460F-937F-28933CC53E09}.Debug|Any CPU.Build.0 = Debug|Any CPU
		{686798D4-CC9C-460F-937F-28933CC53E09}.Debug|Mixed Platforms.ActiveCfg = Debug|Any CPU
		{686798D4-CC9C-460F-937F-28933CC53E09}.Debug|Mixed Platforms.Build.0 = Debug|Any CPU
		{686798D4-CC9C-460F-937F-28933CC53E09}.Debug|x64.ActiveCfg = Debug|Any CPU
		{686798D4-CC9C-460F-937F-28933CC53E09}.Debug|x86.ActiveCfg = Debug|Any CPU
		{686798D4-CC9C-460F-937F-28933CC53E09}.Release|Any CPU.ActiveCfg = Release|Any CPU
		{686798D4-CC9C-460F-937F-28933CC53E09}.Release|Any CPU.Build.0 = Release|Any CPU
		{686798D4-CC9C-460F-937F-28933CC53E09}.Release|Mixed Platforms.ActiveCfg = Release|Any CPU
		{686798D4-CC9C-460F-937F-28933CC53E09}.Release|Mixed Platforms.Build.0 = Release|Any CPU
		{686798D4-CC9C-460F-937F-28933CC53E09}.Release|x64.ActiveCfg = Release|Any CPU
		{686798D4-CC9C-460F-937F-28933CC53E09}.Release|x86.ActiveCfg = Release|Any CPU
		{D118B240-3DCE-46E3-A721-751B60E003B1}.Debug|Any CPU.ActiveCfg = Debug|Any CPU
		{D118B240-3DCE-46E3-A721-751B60E003B1}.Debug|Any CPU.Build.0 = Debug|Any CPU
		{D118B240-3DCE-46E3-A721-751B60E003B1}.Debug|Mixed Platforms.ActiveCfg = Debug|Any CPU
		{D118B240-3DCE-46E3-A721-751B60E003B1}.Debug|Mixed Platforms.Build.0 = Debug|Any CPU
		{D118B240-3DCE-46E3-A721-751B60E003B1}.Debug|x64.ActiveCfg = Debug|Any CPU
		{D118B240-3DCE-46E3-A721-751B60E003B1}.Debug|x86.ActiveCfg = Debug|Any CPU
		{D118B240-3DCE-46E3-A721-751B60E003B1}.Release|Any CPU.ActiveCfg = Release|Any CPU
		{D118B240-3DCE-46E3-A721-751B60E003B1}.Release|Any CPU.Build.0 = Release|Any CPU
		{D118B240-3DCE-46E3-A721-751B60E003B1}.Release|Mixed Platforms.ActiveCfg = Release|Any CPU
		{D118B240-3DCE-46E3-A721-751B60E003B1}.Release|Mixed Platforms.Build.0 = Release|Any CPU
		{D118B240-3DCE-46E3-A721-751B60E003B1}.Release|x64.ActiveCfg = Release|Any CPU
		{D118B240-3DCE-46E3-A721-751B60E003B1}.Release|x86.ActiveCfg = Release|Any CPU
		{0EBA7604-0BDB-438E-967F-7DFE93E6ABD5}.Debug|Any CPU.ActiveCfg = Debug|Any CPU
		{0EBA7604-0BDB-438E-967F-7DFE93E6ABD5}.Debug|Any CPU.Build.0 = Debug|Any CPU
		{0EBA7604-0BDB-438E-967F-7DFE93E6ABD5}.Debug|Mixed Platforms.ActiveCfg = Debug|Any CPU
		{0EBA7604-0BDB-438E-967F-7DFE93E6ABD5}.Debug|Mixed Platforms.Build.0 = Debug|Any CPU
		{0EBA7604-0BDB-438E-967F-7DFE93E6ABD5}.Debug|x64.ActiveCfg = Debug|Any CPU
		{0EBA7604-0BDB-438E-967F-7DFE93E6ABD5}.Debug|x86.ActiveCfg = Debug|Any CPU
		{0EBA7604-0BDB-438E-967F-7DFE93E6ABD5}.Release|Any CPU.ActiveCfg = Release|Any CPU
		{0EBA7604-0BDB-438E-967F-7DFE93E6ABD5}.Release|Any CPU.Build.0 = Release|Any CPU
		{0EBA7604-0BDB-438E-967F-7DFE93E6ABD5}.Release|Mixed Platforms.ActiveCfg = Release|Any CPU
		{0EBA7604-0BDB-438E-967F-7DFE93E6ABD5}.Release|Mixed Platforms.Build.0 = Release|Any CPU
		{0EBA7604-0BDB-438E-967F-7DFE93E6ABD5}.Release|x64.ActiveCfg = Release|Any CPU
		{0EBA7604-0BDB-438E-967F-7DFE93E6ABD5}.Release|x86.ActiveCfg = Release|Any CPU
		{4B05B106-0F92-46D0-B129-107D0D05F48A}.Debug|Any CPU.ActiveCfg = Debug|Any CPU
		{4B05B106-0F92-46D0-B129-107D0D05F48A}.Debug|Any CPU.Build.0 = Debug|Any CPU
		{4B05B106-0F92-46D0-B129-107D0D05F48A}.Debug|Mixed Platforms.ActiveCfg = Debug|Any CPU
		{4B05B106-0F92-46D0-B129-107D0D05F48A}.Debug|Mixed Platforms.Build.0 = Debug|Any CPU
		{4B05B106-0F92-46D0-B129-107D0D05F48A}.Debug|x64.ActiveCfg = Debug|Any CPU
		{4B05B106-0F92-46D0-B129-107D0D05F48A}.Debug|x86.ActiveCfg = Debug|Any CPU
		{4B05B106-0F92-46D0-B129-107D0D05F48A}.Release|Any CPU.ActiveCfg = Release|Any CPU
		{4B05B106-0F92-46D0-B129-107D0D05F48A}.Release|Any CPU.Build.0 = Release|Any CPU
		{4B05B106-0F92-46D0-B129-107D0D05F48A}.Release|Mixed Platforms.ActiveCfg = Release|Any CPU
		{4B05B106-0F92-46D0-B129-107D0D05F48A}.Release|Mixed Platforms.Build.0 = Release|Any CPU
		{4B05B106-0F92-46D0-B129-107D0D05F48A}.Release|x64.ActiveCfg = Release|Any CPU
		{4B05B106-0F92-46D0-B129-107D0D05F48A}.Release|x86.ActiveCfg = Release|Any CPU
		{CA520F77-36EC-4849-8F04-FB6E24DA6D76}.Debug|Any CPU.ActiveCfg = Debug|Any CPU
		{CA520F77-36EC-4849-8F04-FB6E24DA6D76}.Debug|Any CPU.Build.0 = Debug|Any CPU
		{CA520F77-36EC-4849-8F04-FB6E24DA6D76}.Debug|Mixed Platforms.ActiveCfg = Debug|Any CPU
		{CA520F77-36EC-4849-8F04-FB6E24DA6D76}.Debug|Mixed Platforms.Build.0 = Debug|Any CPU
		{CA520F77-36EC-4849-8F04-FB6E24DA6D76}.Debug|x64.ActiveCfg = Debug|Any CPU
		{CA520F77-36EC-4849-8F04-FB6E24DA6D76}.Debug|x86.ActiveCfg = Debug|Any CPU
		{CA520F77-36EC-4849-8F04-FB6E24DA6D76}.Release|Any CPU.ActiveCfg = Release|Any CPU
		{CA520F77-36EC-4849-8F04-FB6E24DA6D76}.Release|Any CPU.Build.0 = Release|Any CPU
		{CA520F77-36EC-4849-8F04-FB6E24DA6D76}.Release|Mixed Platforms.ActiveCfg = Release|Any CPU
		{CA520F77-36EC-4849-8F04-FB6E24DA6D76}.Release|Mixed Platforms.Build.0 = Release|Any CPU
		{CA520F77-36EC-4849-8F04-FB6E24DA6D76}.Release|x64.ActiveCfg = Release|Any CPU
		{CA520F77-36EC-4849-8F04-FB6E24DA6D76}.Release|x86.ActiveCfg = Release|Any CPU
		{A98D210C-0884-4985-BC71-705B44F61CA9}.Debug|Any CPU.ActiveCfg = Debug|Any CPU
		{A98D210C-0884-4985-BC71-705B44F61CA9}.Debug|Any CPU.Build.0 = Debug|Any CPU
		{A98D210C-0884-4985-BC71-705B44F61CA9}.Debug|Mixed Platforms.ActiveCfg = Debug|Any CPU
		{A98D210C-0884-4985-BC71-705B44F61CA9}.Debug|Mixed Platforms.Build.0 = Debug|Any CPU
		{A98D210C-0884-4985-BC71-705B44F61CA9}.Debug|x64.ActiveCfg = Debug|Any CPU
		{A98D210C-0884-4985-BC71-705B44F61CA9}.Debug|x86.ActiveCfg = Debug|Any CPU
		{A98D210C-0884-4985-BC71-705B44F61CA9}.Release|Any CPU.ActiveCfg = Release|Any CPU
		{A98D210C-0884-4985-BC71-705B44F61CA9}.Release|Any CPU.Build.0 = Release|Any CPU
		{A98D210C-0884-4985-BC71-705B44F61CA9}.Release|Mixed Platforms.ActiveCfg = Release|Any CPU
		{A98D210C-0884-4985-BC71-705B44F61CA9}.Release|Mixed Platforms.Build.0 = Release|Any CPU
		{A98D210C-0884-4985-BC71-705B44F61CA9}.Release|x64.ActiveCfg = Release|Any CPU
		{A98D210C-0884-4985-BC71-705B44F61CA9}.Release|x86.ActiveCfg = Release|Any CPU
		{A14C9BAC-2E4A-4163-ACF4-0844BD4C3CC7}.Debug|Any CPU.ActiveCfg = Debug|Any CPU
		{A14C9BAC-2E4A-4163-ACF4-0844BD4C3CC7}.Debug|Any CPU.Build.0 = Debug|Any CPU
		{A14C9BAC-2E4A-4163-ACF4-0844BD4C3CC7}.Debug|Mixed Platforms.ActiveCfg = Debug|Any CPU
		{A14C9BAC-2E4A-4163-ACF4-0844BD4C3CC7}.Debug|Mixed Platforms.Build.0 = Debug|Any CPU
		{A14C9BAC-2E4A-4163-ACF4-0844BD4C3CC7}.Debug|x64.ActiveCfg = Debug|Any CPU
		{A14C9BAC-2E4A-4163-ACF4-0844BD4C3CC7}.Debug|x86.ActiveCfg = Debug|Any CPU
		{A14C9BAC-2E4A-4163-ACF4-0844BD4C3CC7}.Release|Any CPU.ActiveCfg = Release|Any CPU
		{A14C9BAC-2E4A-4163-ACF4-0844BD4C3CC7}.Release|Any CPU.Build.0 = Release|Any CPU
		{A14C9BAC-2E4A-4163-ACF4-0844BD4C3CC7}.Release|Mixed Platforms.ActiveCfg = Release|Any CPU
		{A14C9BAC-2E4A-4163-ACF4-0844BD4C3CC7}.Release|Mixed Platforms.Build.0 = Release|Any CPU
		{A14C9BAC-2E4A-4163-ACF4-0844BD4C3CC7}.Release|x64.ActiveCfg = Release|Any CPU
		{A14C9BAC-2E4A-4163-ACF4-0844BD4C3CC7}.Release|x86.ActiveCfg = Release|Any CPU
		{371CE56A-0251-41DA-8EF5-72A69E290CB9}.Debug|Any CPU.ActiveCfg = Debug|Any CPU
		{371CE56A-0251-41DA-8EF5-72A69E290CB9}.Debug|Any CPU.Build.0 = Debug|Any CPU
		{371CE56A-0251-41DA-8EF5-72A69E290CB9}.Debug|Mixed Platforms.ActiveCfg = Debug|Any CPU
		{371CE56A-0251-41DA-8EF5-72A69E290CB9}.Debug|Mixed Platforms.Build.0 = Debug|Any CPU
		{371CE56A-0251-41DA-8EF5-72A69E290CB9}.Debug|x64.ActiveCfg = Debug|Any CPU
		{371CE56A-0251-41DA-8EF5-72A69E290CB9}.Debug|x86.ActiveCfg = Debug|Any CPU
		{371CE56A-0251-41DA-8EF5-72A69E290CB9}.Release|Any CPU.ActiveCfg = Release|Any CPU
		{371CE56A-0251-41DA-8EF5-72A69E290CB9}.Release|Any CPU.Build.0 = Release|Any CPU
		{371CE56A-0251-41DA-8EF5-72A69E290CB9}.Release|Mixed Platforms.ActiveCfg = Release|Any CPU
		{371CE56A-0251-41DA-8EF5-72A69E290CB9}.Release|Mixed Platforms.Build.0 = Release|Any CPU
		{371CE56A-0251-41DA-8EF5-72A69E290CB9}.Release|x64.ActiveCfg = Release|Any CPU
		{371CE56A-0251-41DA-8EF5-72A69E290CB9}.Release|x86.ActiveCfg = Release|Any CPU
		{8C6554DF-D0FE-48B5-B487-19882850AC69}.Debug|Any CPU.ActiveCfg = Debug|Any CPU
		{8C6554DF-D0FE-48B5-B487-19882850AC69}.Debug|Any CPU.Build.0 = Debug|Any CPU
		{8C6554DF-D0FE-48B5-B487-19882850AC69}.Debug|Mixed Platforms.ActiveCfg = Debug|Any CPU
		{8C6554DF-D0FE-48B5-B487-19882850AC69}.Debug|Mixed Platforms.Build.0 = Debug|Any CPU
		{8C6554DF-D0FE-48B5-B487-19882850AC69}.Debug|x64.ActiveCfg = Debug|Any CPU
		{8C6554DF-D0FE-48B5-B487-19882850AC69}.Debug|x86.ActiveCfg = Debug|Any CPU
		{8C6554DF-D0FE-48B5-B487-19882850AC69}.Release|Any CPU.ActiveCfg = Release|Any CPU
		{8C6554DF-D0FE-48B5-B487-19882850AC69}.Release|Any CPU.Build.0 = Release|Any CPU
		{8C6554DF-D0FE-48B5-B487-19882850AC69}.Release|Mixed Platforms.ActiveCfg = Release|Any CPU
		{8C6554DF-D0FE-48B5-B487-19882850AC69}.Release|Mixed Platforms.Build.0 = Release|Any CPU
		{8C6554DF-D0FE-48B5-B487-19882850AC69}.Release|x64.ActiveCfg = Release|Any CPU
		{8C6554DF-D0FE-48B5-B487-19882850AC69}.Release|x86.ActiveCfg = Release|Any CPU
		{B580A145-6DE0-45D4-B4B6-924A52BF10B7}.Debug|Any CPU.ActiveCfg = Debug|Any CPU
		{B580A145-6DE0-45D4-B4B6-924A52BF10B7}.Debug|Any CPU.Build.0 = Debug|Any CPU
		{B580A145-6DE0-45D4-B4B6-924A52BF10B7}.Debug|Mixed Platforms.ActiveCfg = Debug|Any CPU
		{B580A145-6DE0-45D4-B4B6-924A52BF10B7}.Debug|Mixed Platforms.Build.0 = Debug|Any CPU
		{B580A145-6DE0-45D4-B4B6-924A52BF10B7}.Debug|x64.ActiveCfg = Debug|Any CPU
		{B580A145-6DE0-45D4-B4B6-924A52BF10B7}.Debug|x86.ActiveCfg = Debug|Any CPU
		{B580A145-6DE0-45D4-B4B6-924A52BF10B7}.Release|Any CPU.ActiveCfg = Release|Any CPU
		{B580A145-6DE0-45D4-B4B6-924A52BF10B7}.Release|Any CPU.Build.0 = Release|Any CPU
		{B580A145-6DE0-45D4-B4B6-924A52BF10B7}.Release|Mixed Platforms.ActiveCfg = Release|Any CPU
		{B580A145-6DE0-45D4-B4B6-924A52BF10B7}.Release|Mixed Platforms.Build.0 = Release|Any CPU
		{B580A145-6DE0-45D4-B4B6-924A52BF10B7}.Release|x64.ActiveCfg = Release|Any CPU
		{B580A145-6DE0-45D4-B4B6-924A52BF10B7}.Release|x86.ActiveCfg = Release|Any CPU
		{B365AD50-598A-4D1B-8656-1F0F8ADCDBC8}.Debug|Any CPU.ActiveCfg = Debug|Any CPU
		{B365AD50-598A-4D1B-8656-1F0F8ADCDBC8}.Debug|Any CPU.Build.0 = Debug|Any CPU
		{B365AD50-598A-4D1B-8656-1F0F8ADCDBC8}.Debug|Mixed Platforms.ActiveCfg = Debug|Any CPU
		{B365AD50-598A-4D1B-8656-1F0F8ADCDBC8}.Debug|Mixed Platforms.Build.0 = Debug|Any CPU
		{B365AD50-598A-4D1B-8656-1F0F8ADCDBC8}.Debug|x64.ActiveCfg = Debug|Any CPU
		{B365AD50-598A-4D1B-8656-1F0F8ADCDBC8}.Debug|x86.ActiveCfg = Debug|Any CPU
		{B365AD50-598A-4D1B-8656-1F0F8ADCDBC8}.Release|Any CPU.ActiveCfg = Release|Any CPU
		{B365AD50-598A-4D1B-8656-1F0F8ADCDBC8}.Release|Any CPU.Build.0 = Release|Any CPU
		{B365AD50-598A-4D1B-8656-1F0F8ADCDBC8}.Release|Mixed Platforms.ActiveCfg = Release|Any CPU
		{B365AD50-598A-4D1B-8656-1F0F8ADCDBC8}.Release|Mixed Platforms.Build.0 = Release|Any CPU
		{B365AD50-598A-4D1B-8656-1F0F8ADCDBC8}.Release|x64.ActiveCfg = Release|Any CPU
		{B365AD50-598A-4D1B-8656-1F0F8ADCDBC8}.Release|x86.ActiveCfg = Release|Any CPU
		{839D6111-FFE7-4498-928C-75054DE61CE9}.Debug|Any CPU.ActiveCfg = Debug|Any CPU
		{839D6111-FFE7-4498-928C-75054DE61CE9}.Debug|Any CPU.Build.0 = Debug|Any CPU
		{839D6111-FFE7-4498-928C-75054DE61CE9}.Debug|Mixed Platforms.ActiveCfg = Debug|Any CPU
		{839D6111-FFE7-4498-928C-75054DE61CE9}.Debug|Mixed Platforms.Build.0 = Debug|Any CPU
		{839D6111-FFE7-4498-928C-75054DE61CE9}.Debug|x64.ActiveCfg = Debug|Any CPU
		{839D6111-FFE7-4498-928C-75054DE61CE9}.Debug|x86.ActiveCfg = Debug|Any CPU
		{839D6111-FFE7-4498-928C-75054DE61CE9}.Release|Any CPU.ActiveCfg = Release|Any CPU
		{839D6111-FFE7-4498-928C-75054DE61CE9}.Release|Any CPU.Build.0 = Release|Any CPU
		{839D6111-FFE7-4498-928C-75054DE61CE9}.Release|Mixed Platforms.ActiveCfg = Release|Any CPU
		{839D6111-FFE7-4498-928C-75054DE61CE9}.Release|Mixed Platforms.Build.0 = Release|Any CPU
		{839D6111-FFE7-4498-928C-75054DE61CE9}.Release|x64.ActiveCfg = Release|Any CPU
		{839D6111-FFE7-4498-928C-75054DE61CE9}.Release|x86.ActiveCfg = Release|Any CPU
		{12FE7E65-E744-4F7F-A7EB-608249C75235}.Debug|Any CPU.ActiveCfg = Debug|Any CPU
		{12FE7E65-E744-4F7F-A7EB-608249C75235}.Debug|Any CPU.Build.0 = Debug|Any CPU
		{12FE7E65-E744-4F7F-A7EB-608249C75235}.Debug|Mixed Platforms.ActiveCfg = Debug|Any CPU
		{12FE7E65-E744-4F7F-A7EB-608249C75235}.Debug|Mixed Platforms.Build.0 = Debug|Any CPU
		{12FE7E65-E744-4F7F-A7EB-608249C75235}.Debug|x64.ActiveCfg = Debug|Any CPU
		{12FE7E65-E744-4F7F-A7EB-608249C75235}.Debug|x86.ActiveCfg = Debug|Any CPU
		{12FE7E65-E744-4F7F-A7EB-608249C75235}.Release|Any CPU.ActiveCfg = Release|Any CPU
		{12FE7E65-E744-4F7F-A7EB-608249C75235}.Release|Any CPU.Build.0 = Release|Any CPU
		{12FE7E65-E744-4F7F-A7EB-608249C75235}.Release|Mixed Platforms.ActiveCfg = Release|Any CPU
		{12FE7E65-E744-4F7F-A7EB-608249C75235}.Release|Mixed Platforms.Build.0 = Release|Any CPU
		{12FE7E65-E744-4F7F-A7EB-608249C75235}.Release|x64.ActiveCfg = Release|Any CPU
		{12FE7E65-E744-4F7F-A7EB-608249C75235}.Release|x86.ActiveCfg = Release|Any CPU
		{8BAD8DB0-4CF3-4E6F-A3AF-E79BE299667C}.Debug|Any CPU.ActiveCfg = Debug|Any CPU
		{8BAD8DB0-4CF3-4E6F-A3AF-E79BE299667C}.Debug|Any CPU.Build.0 = Debug|Any CPU
		{8BAD8DB0-4CF3-4E6F-A3AF-E79BE299667C}.Debug|Mixed Platforms.ActiveCfg = Debug|Any CPU
		{8BAD8DB0-4CF3-4E6F-A3AF-E79BE299667C}.Debug|Mixed Platforms.Build.0 = Debug|Any CPU
		{8BAD8DB0-4CF3-4E6F-A3AF-E79BE299667C}.Debug|x64.ActiveCfg = Debug|Any CPU
		{8BAD8DB0-4CF3-4E6F-A3AF-E79BE299667C}.Debug|x86.ActiveCfg = Debug|Any CPU
		{8BAD8DB0-4CF3-4E6F-A3AF-E79BE299667C}.Release|Any CPU.ActiveCfg = Release|Any CPU
		{8BAD8DB0-4CF3-4E6F-A3AF-E79BE299667C}.Release|Any CPU.Build.0 = Release|Any CPU
		{8BAD8DB0-4CF3-4E6F-A3AF-E79BE299667C}.Release|Mixed Platforms.ActiveCfg = Release|Any CPU
		{8BAD8DB0-4CF3-4E6F-A3AF-E79BE299667C}.Release|Mixed Platforms.Build.0 = Release|Any CPU
		{8BAD8DB0-4CF3-4E6F-A3AF-E79BE299667C}.Release|x64.ActiveCfg = Release|Any CPU
		{8BAD8DB0-4CF3-4E6F-A3AF-E79BE299667C}.Release|x86.ActiveCfg = Release|Any CPU
	EndGlobalSection
	GlobalSection(SolutionProperties) = preSolution
		HideSolutionNode = FALSE
	EndGlobalSection
	GlobalSection(NestedProjects) = preSolution
		{CBE3CF94-6406-4EED-AADA-3E6B441B1DE3} = {BA63C147-8B85-4C94-9EAD-AA11E6A0B996}
		{CA6C3C0E-96DB-4B74-A8E4-33ABA73D0553} = {61760DCB-AC78-49B3-9BFB-83A1CD92F870}
		{AAC22B8B-D633-4EE5-B1EA-915F0C9BCB46} = {BA63C147-8B85-4C94-9EAD-AA11E6A0B996}
		{4C7FAC1D-4B3B-4191-9D52-BEA7E91AB39A} = {BA63C147-8B85-4C94-9EAD-AA11E6A0B996}
		{0A67DBB5-780E-4BC6-841E-E1B50309895D} = {BA63C147-8B85-4C94-9EAD-AA11E6A0B996}
		{1F4CFF76-3151-460B-B1A4-2E77EEF20029} = {BA63C147-8B85-4C94-9EAD-AA11E6A0B996}
		{B32CE846-8FAF-4B89-9A17-22B4427133C9} = {BA63C147-8B85-4C94-9EAD-AA11E6A0B996}
		{2A45DCFA-A60C-4AE6-80E8-18D62D04E438} = {BA63C147-8B85-4C94-9EAD-AA11E6A0B996}
		{6F2B5D7A-E8B7-4820-9C39-30F722B0DB01} = {61760DCB-AC78-49B3-9BFB-83A1CD92F870}
		{D45DFBAF-5019-4435-80FB-1FA2EC48F23A} = {61760DCB-AC78-49B3-9BFB-83A1CD92F870}
		{D118B240-3DCE-46E3-A721-751B60E003B1} = {BA63C147-8B85-4C94-9EAD-AA11E6A0B996}
		{4B05B106-0F92-46D0-B129-107D0D05F48A} = {BA63C147-8B85-4C94-9EAD-AA11E6A0B996}
		{CA520F77-36EC-4849-8F04-FB6E24DA6D76} = {BA63C147-8B85-4C94-9EAD-AA11E6A0B996}
		{A14C9BAC-2E4A-4163-ACF4-0844BD4C3CC7} = {BA63C147-8B85-4C94-9EAD-AA11E6A0B996}
		{8C6554DF-D0FE-48B5-B487-19882850AC69} = {BA63C147-8B85-4C94-9EAD-AA11E6A0B996}
		{12FE7E65-E744-4F7F-A7EB-608249C75235} = {61760DCB-AC78-49B3-9BFB-83A1CD92F870}
		{8BAD8DB0-4CF3-4E6F-A3AF-E79BE299667C} = {BA63C147-8B85-4C94-9EAD-AA11E6A0B996}
	EndGlobalSection
EndGlobal
