
Microsoft Visual Studio Solution File, Format Version 12.00
# Visual Studio 14
VisualStudioVersion = 14.0.25420.1
MinimumVisualStudioVersion = 10.0.40219.1
Project("{FAE04EC0-301F-11D3-BF4B-00C04F79EFBC}") = "WebApplications.Utilities.Initializer", "Initializer\WebApplications.Utilities.Initializer.csproj", "{3626816D-EB33-4ED0-AF95-FD7CA6C6D99A}"
EndProject
Project("{FAE04EC0-301F-11D3-BF4B-00C04F79EFBC}") = "WebApplications.Utilities.Initializer.Test", "Initializer\Test\WebApplications.Utilities.Initializer.Test.csproj", "{1F4CFF76-3151-460B-B1A4-2E77EEF20029}"
EndProject
Project("{FAE04EC0-301F-11D3-BF4B-00C04F79EFBC}") = "WebApplications.Utilities.Initializer.TestApp", "Initializer\TestApp\WebApplications.Utilities.Initializer.TestApp.csproj", "{B32CE846-8FAF-4B89-9A17-22B4427133C9}"
EndProject
Project("{2150E333-8FDC-42A3-9474-1A3956D46DE8}") = "Solution Items", "Solution Items", "{73FDA02C-149C-41C2-A80C-C011015CCE0F}"
	ProjectSection(SolutionItems) = preProject
		Initializer\InjectModuleInitializer.targets = Initializer\InjectModuleInitializer.targets
	EndProjectSection
EndProject
Global
	GlobalSection(SolutionConfigurationPlatforms) = preSolution
		Debug|Any CPU = Debug|Any CPU
		NuGet|Any CPU = NuGet|Any CPU
		Release|Any CPU = Release|Any CPU
	EndGlobalSection
	GlobalSection(ProjectConfigurationPlatforms) = postSolution
		{3626816D-EB33-4ED0-AF95-FD7CA6C6D99A}.Debug|Any CPU.ActiveCfg = Debug|Any CPU
		{3626816D-EB33-4ED0-AF95-FD7CA6C6D99A}.Debug|Any CPU.Build.0 = Debug|Any CPU
		{3626816D-EB33-4ED0-AF95-FD7CA6C6D99A}.NuGet|Any CPU.ActiveCfg = NuGet|Any CPU
		{3626816D-EB33-4ED0-AF95-FD7CA6C6D99A}.NuGet|Any CPU.Build.0 = NuGet|Any CPU
		{3626816D-EB33-4ED0-AF95-FD7CA6C6D99A}.Release|Any CPU.ActiveCfg = Release|Any CPU
		{3626816D-EB33-4ED0-AF95-FD7CA6C6D99A}.Release|Any CPU.Build.0 = Release|Any CPU
		{1F4CFF76-3151-460B-B1A4-2E77EEF20029}.Debug|Any CPU.ActiveCfg = Debug|Any CPU
		{1F4CFF76-3151-460B-B1A4-2E77EEF20029}.Debug|Any CPU.Build.0 = Debug|Any CPU
		{1F4CFF76-3151-460B-B1A4-2E77EEF20029}.NuGet|Any CPU.ActiveCfg = NuGet|Any CPU
		{1F4CFF76-3151-460B-B1A4-2E77EEF20029}.NuGet|Any CPU.Build.0 = NuGet|Any CPU
		{1F4CFF76-3151-460B-B1A4-2E77EEF20029}.Release|Any CPU.ActiveCfg = Release|Any CPU
		{1F4CFF76-3151-460B-B1A4-2E77EEF20029}.Release|Any CPU.Build.0 = Release|Any CPU
		{B32CE846-8FAF-4B89-9A17-22B4427133C9}.Debug|Any CPU.ActiveCfg = Debug|Any CPU
		{B32CE846-8FAF-4B89-9A17-22B4427133C9}.Debug|Any CPU.Build.0 = Debug|Any CPU
		{B32CE846-8FAF-4B89-9A17-22B4427133C9}.NuGet|Any CPU.ActiveCfg = NuGet|Any CPU
		{B32CE846-8FAF-4B89-9A17-22B4427133C9}.NuGet|Any CPU.Build.0 = NuGet|Any CPU
		{B32CE846-8FAF-4B89-9A17-22B4427133C9}.Release|Any CPU.ActiveCfg = Release|Any CPU
		{B32CE846-8FAF-4B89-9A17-22B4427133C9}.Release|Any CPU.Build.0 = Release|Any CPU
	EndGlobalSection
	GlobalSection(SolutionProperties) = preSolution
		HideSolutionNode = FALSE
	EndGlobalSection
EndGlobal
